
Microsoft Visual Studio Solution File, Format Version 12.00
# Visual Studio 15
VisualStudioVersion = 15.0.26430.16
MinimumVisualStudioVersion = 10.0.40219.1
Project("{FAE04EC0-301F-11D3-BF4B-00C04F79EFBC}") = "MVVMTreeView", "MVVMTreeView\MVVMTreeView.csproj", "{25A8C664-5B0E-4DD0-B2C1-BC60225A57CC}"
EndProject
Project("{FAE04EC0-301F-11D3-BF4B-00C04F79EFBC}") = "Migration.MVVMToolKit", "Migration.MVVMToolKit\Migration.MVVMToolKit.csproj", "{45CC6AF6-C568-4EE5-92FF-3A612196EFF7}"
EndProject
Project("{FAE04EC0-301F-11D3-BF4B-00C04F79EFBC}") = "TreeViewStyleTemplate", "TreeViewStyleTemplate\TreeViewStyleTemplate\TreeViewStyleTemplate.csproj", "{744D8738-9A6D-47A9-B3BC-C661D8F35AAC}"
EndProject
Global
	GlobalSection(SolutionConfigurationPlatforms) = preSolution
		Debug|Any CPU = Debug|Any CPU
		Debug|x86 = Debug|x86
		Release|Any CPU = Release|Any CPU
		Release|x86 = Release|x86
	EndGlobalSection
	GlobalSection(ProjectConfigurationPlatforms) = postSolution
		{25A8C664-5B0E-4DD0-B2C1-BC60225A57CC}.Debug|Any CPU.ActiveCfg = Debug|Any CPU
		{25A8C664-5B0E-4DD0-B2C1-BC60225A57CC}.Debug|Any CPU.Build.0 = Debug|Any CPU
		{25A8C664-5B0E-4DD0-B2C1-BC60225A57CC}.Debug|x86.ActiveCfg = Debug|Any CPU
		{25A8C664-5B0E-4DD0-B2C1-BC60225A57CC}.Debug|x86.Build.0 = Debug|Any CPU
		{25A8C664-5B0E-4DD0-B2C1-BC60225A57CC}.Release|Any CPU.ActiveCfg = Release|Any CPU
		{25A8C664-5B0E-4DD0-B2C1-BC60225A57CC}.Release|Any CPU.Build.0 = Release|Any CPU
		{25A8C664-5B0E-4DD0-B2C1-BC60225A57CC}.Release|x86.ActiveCfg = Release|Any CPU
		{25A8C664-5B0E-4DD0-B2C1-BC60225A57CC}.Release|x86.Build.0 = Release|Any CPU
		{45CC6AF6-C568-4EE5-92FF-3A612196EFF7}.Debug|Any CPU.ActiveCfg = Debug|Any CPU
		{45CC6AF6-C568-4EE5-92FF-3A612196EFF7}.Debug|Any CPU.Build.0 = Debug|Any CPU
		{45CC6AF6-C568-4EE5-92FF-3A612196EFF7}.Debug|x86.ActiveCfg = Debug|Any CPU
		{45CC6AF6-C568-4EE5-92FF-3A612196EFF7}.Debug|x86.Build.0 = Debug|Any CPU
		{45CC6AF6-C568-4EE5-92FF-3A612196EFF7}.Release|Any CPU.ActiveCfg = Release|Any CPU
		{45CC6AF6-C568-4EE5-92FF-3A612196EFF7}.Release|Any CPU.Build.0 = Release|Any CPU
		{45CC6AF6-C568-4EE5-92FF-3A612196EFF7}.Release|x86.ActiveCfg = Release|Any CPU
		{45CC6AF6-C568-4EE5-92FF-3A612196EFF7}.Release|x86.Build.0 = Release|Any CPU
		{744D8738-9A6D-47A9-B3BC-C661D8F35AAC}.Debug|Any CPU.ActiveCfg = Debug|x86
		{744D8738-9A6D-47A9-B3BC-C661D8F35AAC}.Debug|x86.ActiveCfg = Debug|x86
		{744D8738-9A6D-47A9-B3BC-C661D8F35AAC}.Debug|x86.Build.0 = Debug|x86
		{744D8738-9A6D-47A9-B3BC-C661D8F35AAC}.Release|Any CPU.ActiveCfg = Release|x86
		{744D8738-9A6D-47A9-B3BC-C661D8F35AAC}.Release|x86.ActiveCfg = Release|x86
		{744D8738-9A6D-47A9-B3BC-C661D8F35AAC}.Release|x86.Build.0 = Release|x86
	EndGlobalSection
	GlobalSection(SolutionProperties) = preSolution
		HideSolutionNode = FALSE
	EndGlobalSection
EndGlobal
